
Microsoft Visual Studio Solution File, Format Version 12.00
# Visual Studio 15
Project("{FAE04EC0-301F-11D3-BF4B-00C04F79EFBC}") = "Coffee", "Coffee\Coffee.csproj", "{70BB649B-DFC6-4B31-8414-604C29F6BC77}"
EndProject
Global
	GlobalSection(SolutionConfigurationPlatforms) = preSolution
		Debug|Any CPU = Debug|Any CPU
		Release|Any CPU = Release|Any CPU
	EndGlobalSection
	GlobalSection(ProjectConfigurationPlatforms) = postSolution
		{70BB649B-DFC6-4B31-8414-604C29F6BC77}.Debug|Any CPU.ActiveCfg = Debug|Any CPU
		{70BB649B-DFC6-4B31-8414-604C29F6BC77}.Debug|Any CPU.Build.0 = Debug|Any CPU
		{70BB649B-DFC6-4B31-8414-604C29F6BC77}.Release|Any CPU.ActiveCfg = Release|Any CPU
		{70BB649B-DFC6-4B31-8414-604C29F6BC77}.Release|Any CPU.Build.0 = Release|Any CPU
	EndGlobalSection
EndGlobal
